
Microsoft Visual Studio Solution File, Format Version 12.00
# Visual Studio Version 17
VisualStudioVersion = 17.13.35913.81
MinimumVisualStudioVersion = 10.0.40219.1
Project("{FAE04EC0-301F-11D3-BF4B-00C04F79EFBC}") = "App.API", "App.API.csproj", "{07E68E8E-1DC6-4CE6-9F87-BB825B61169F}"
EndProject
Project("{FAE04EC0-301F-11D3-BF4B-00C04F79EFBC}") = "App.Application", "..\App.Application\App.Application.csproj", "{9CC772B6-5AFF-45A3-A4A8-0D786C846BA0}"
EndProject
Project("{FAE04EC0-301F-11D3-BF4B-00C04F79EFBC}") = "App.Infrastructure", "..\App.Infrastructure\App.Infrastructure.csproj", "{6FE9B43E-10E6-4F04-B341-FF69D7CAEED1}"
EndProject
Project("{FAE04EC0-301F-11D3-BF4B-00C04F79EFBC}") = "App.Domain", "..\App.Domain\App.Domain.csproj", "{427D05E9-91AA-4295-BBB3-A10467EAAA30}"
EndProject
Global
	GlobalSection(SolutionConfigurationPlatforms) = preSolution
		Debug|Any CPU = Debug|Any CPU
		Release|Any CPU = Release|Any CPU
	EndGlobalSection
	GlobalSection(ProjectConfigurationPlatforms) = postSolution
		{07E68E8E-1DC6-4CE6-9F87-BB825B61169F}.Debug|Any CPU.ActiveCfg = Debug|Any CPU
		{07E68E8E-1DC6-4CE6-9F87-BB825B61169F}.Debug|Any CPU.Build.0 = Debug|Any CPU
		{07E68E8E-1DC6-4CE6-9F87-BB825B61169F}.Release|Any CPU.ActiveCfg = Release|Any CPU
		{07E68E8E-1DC6-4CE6-9F87-BB825B61169F}.Release|Any CPU.Build.0 = Release|Any CPU
		{9CC772B6-5AFF-45A3-A4A8-0D786C846BA0}.Debug|Any CPU.ActiveCfg = Debug|Any CPU
		{9CC772B6-5AFF-45A3-A4A8-0D786C846BA0}.Debug|Any CPU.Build.0 = Debug|Any CPU
		{9CC772B6-5AFF-45A3-A4A8-0D786C846BA0}.Release|Any CPU.ActiveCfg = Release|Any CPU
		{9CC772B6-5AFF-45A3-A4A8-0D786C846BA0}.Release|Any CPU.Build.0 = Release|Any CPU
		{6FE9B43E-10E6-4F04-B341-FF69D7CAEED1}.Debug|Any CPU.ActiveCfg = Debug|Any CPU
		{6FE9B43E-10E6-4F04-B341-FF69D7CAEED1}.Debug|Any CPU.Build.0 = Debug|Any CPU
		{6FE9B43E-10E6-4F04-B341-FF69D7CAEED1}.Release|Any CPU.ActiveCfg = Release|Any CPU
		{6FE9B43E-10E6-4F04-B341-FF69D7CAEED1}.Release|Any CPU.Build.0 = Release|Any CPU
		{427D05E9-91AA-4295-BBB3-A10467EAAA30}.Debug|Any CPU.ActiveCfg = Debug|Any CPU
		{427D05E9-91AA-4295-BBB3-A10467EAAA30}.Debug|Any CPU.Build.0 = Debug|Any CPU
		{427D05E9-91AA-4295-BBB3-A10467EAAA30}.Release|Any CPU.ActiveCfg = Release|Any CPU
		{427D05E9-91AA-4295-BBB3-A10467EAAA30}.Release|Any CPU.Build.0 = Release|Any CPU
	EndGlobalSection
	GlobalSection(SolutionProperties) = preSolution
		HideSolutionNode = FALSE
	EndGlobalSection
	GlobalSection(ExtensibilityGlobals) = postSolution
		SolutionGuid = {AA2F2E01-5972-4F98-9E8B-C40CECA94A73}
	EndGlobalSection
EndGlobal
